dependencies:
  esp-idf-lib/aht:
    component_hash: ed9b60aa4b65cffb1d31360b38c70096e618c38084ebb5548cc7e27e0c92b5e5
    dependencies:
    - name: esp-idf-lib/esp_idf_lib_helpers
      registry_url: https://components.espressif.com
      require: private
      version: '*'
    - name: esp-idf-lib/i2cdev
      registry_url: https://components.espressif.com
      require: private
      version: '*'
    source:
      registry_url: https://components.espressif.com/
      type: service
    targets:
    - esp32
    - esp32c2
    - esp32c3
    - esp32c5
    - esp32c6
    - esp32c61
    - esp32h2
    - esp32p4
    - esp32s2
    - esp32s3
    version: 1.0.8
  esp-idf-lib/bh1750:
    component_hash: 08a00fe6055807e127df05d4bdb4873b1181938b29d21d4a6c2ae3f21c170215
    dependencies:
    - name: esp-idf-lib/esp_idf_lib_helpers
      registry_url: https://components.espressif.com
      require: private
      version: '*'
    - name: esp-idf-lib/i2cdev
      registry_url: https://components.espressif.com
      require: private
      version: '*'
    source:
      registry_url: https://components.espressif.com/
      type: service
    targets:
    - esp32
    - esp32c2
    - esp32c3
    - esp32c5
    - esp32c6
    - esp32c61
    - esp32h2
    - esp32p4
    - esp32s2
    - esp32s3
    version: 1.1.7
  esp-idf-lib/bmp280:
    component_hash: 82b01a37c200ed66a6c451026e2afdbe8046c6f702d41085e5a1d83aec3a90d8
    dependencies:
    - name: esp-idf-lib/esp_idf_lib_helpers
      registry_url: https://components.espressif.com
      require: private
      version: '*'
    - name: esp-idf-lib/i2cdev
      registry_url: https://components.espressif.com
      require: private
      version: '*'
    source:
      registry_url: https://components.espressif.com/
      type: service
    targets:
    - esp32
    - esp32c2
    - esp32c3
    - esp32c5
    - esp32c6
    - esp32c61
    - esp32h2
    - esp32p4
    - esp32s2
    - esp32s3
    version: 1.0.7
  esp-idf-lib/esp_idf_lib_helpers:
    component_hash: 689853bb8993434f9556af0f2816e808bf77b5d22100144b21f3519993daf237
    dependencies: []
    source:
      registry_url: https://components.espressif.com
      type: service
    targets:
    - esp32
    - esp32c2
    - esp32c3
    - esp32c5
    - esp32c6
    - esp32c61
    - esp32h2
    - esp32p4
    - esp32s2
    - esp32s3
    version: 1.4.0
  esp-idf-lib/i2cdev:
    component_hash: 9e22a91420695242ceac2c00788820ae45826224d38ef003a1a894367c55ede4
    dependencies:
    - name: esp-idf-lib/esp_idf_lib_helpers
      registry_url: https://components.espressif.com
      require: private
      version: '*'
    source:
      registry_url: https://components.espressif.com
      type: service
    targets:
    - esp32
    - esp32c2
    - esp32c3
    - esp32c5
    - esp32c6
    - esp32c61
    - esp32h2
    - esp32p4
    - esp32s2
    - esp32s3
    version: 2.1.1
  espressif/cbor:
    component_hash: dad9ca860963e930366510a10b422b3125a4fb27b979712ed65efcbcd742de50
    dependencies:
    - name: idf
      require: private
      version: '>=5.0'
    source:
      registry_url: https://components.espressif.com
      type: service
    version: 0.6.1~4
  espressif/esp_daylight:
    component_hash: e27629eb7e12da9e6d01c646e0e4ce6358b977b6f89d4f291a4cc1aea755af94
    dependencies:
    - name: idf
      require: private
      version: '>=5.1'
    source:
      registry_url: https://components.espressif.com
      type: service
    version: 1.0.1
  espressif/esp_rainmaker:
    component_hash: bdd9e0ee5ee07f56eb56c56dc9a1555d72a54be94427df2593dcc27617e341cf
    dependencies:
    - name: espressif/cbor
      registry_url: https://components.espressif.com
      require: private
      version: ~0.6
    - name: espressif/esp_schedule
      registry_url: https://components.espressif.com
      require: private
      version: ~1.3.2
    - name: espressif/esp_secure_cert_mgr
      registry_url: https://components.espressif.com
      require: private
      version: ^2.2.1
    - name: espressif/json_generator
      registry_url: https://components.espressif.com
      require: private
      version: ~1.1.1
    - name: espressif/json_parser
      registry_url: https://components.espressif.com
      require: private
      version: ~1.0.3
    - name: espressif/mdns
      registry_url: https://components.espressif.com
      require: private
      version: ^1.9.0
    - name: espressif/network_provisioning
      registry_url: https://components.espressif.com
      require: private
      version: '>=1.*'
    - name: espressif/rmaker_common
      registry_url: https://components.espressif.com
      require: private
      version: '>=1.7.1'
    - name: idf
      require: private
      version: '>=5.1'
    source:
      registry_url: https://components.espressif.com/
      type: service
    version: 1.12.7
  espressif/esp_schedule:
    component_hash: 024e1ee23cab447e800519f704193cb5b5652297d86811e6e6c653dea42d8bb1
    dependencies:
    - name: espressif/esp_daylight
      registry_url: https://components.espressif.com
      require: private
      version: ~1.0.1
    - name: idf
      require: private
      version: '>=5.1'
    source:
      registry_url: https://components.espressif.com
      type: service
    version: 1.3.2
  espressif/esp_secure_cert_mgr:
    component_hash: 40a986c1f45d91eb6d339ca51dcab90c4ecce2a6622c268edaaa05887852d464
    dependencies:
    - name: idf
      require: private
      version: '>=4.3'
    source:
      registry_url: https://components.espressif.com
      type: service
    version: 2.9.2
  espressif/jsmn:
    component_hash: d80350c41bbaa827c98a25b6072df00884e72f54885996fab4a4f0aebce6b6c3
    dependencies:
    - name: idf
      require: private
      version: '>=4.3'
    source:
      registry_url: https://components.espressif.com
      type: service
    version: 1.1.0
  espressif/json_generator:
    component_hash: 45033e1c199b13f1c8c1b544fb7d4e2df6a8e3071ebdcb1b22582b61a7974ff2
    dependencies: []
    source:
      registry_url: https://components.espressif.com
      type: service
    version: 1.1.2
  espressif/json_parser:
    component_hash: d74b81729ad06ec11ff5eb5b1b0d7df1d00e6027fc11471f4b139c70dcf1b1e4
    dependencies:
    - name: espressif/jsmn
      registry_url: https://components.espressif.com
      require: private
      rules:
      - if: idf_version >=5.0
      version: ~1.1
    source:
      registry_url: https://components.espressif.com
      type: service
    version: 1.0.3
  espressif/led_strip:
    component_hash: 28621486f77229aaf81c71f5e15d6fbf36c2949cf11094e07090593e659e7639
    dependencies:
    - name: idf
      require: private
      version: '>=5.0'
    source:
      registry_url: https://components.espressif.com/
      type: service
    version: 3.0.3
  espressif/mdns:
    component_hash: 8bcf12e37c58c1d584aef32a02b92548124c7a3a9fcf548d3235c844a035e0f0
    dependencies:
    - name: idf
      require: private
      version: '>=5.0'
    source:
      registry_url: https://components.espressif.com
      type: service
    version: 1.11.1
  espressif/network_provisioning:
    component_hash: 72d27784e3daf807418a34fb00be136ec50c6db49d989ce981d22e031fc0e7f8
    dependencies:
    - name: espressif/cjson
      registry_url: https://components.espressif.com
      require: private
      rules:
      - if: idf_version >= 6.0
      version: ^1.7.19
    - name: idf
      require: private
      version: '>=5.1'
    source:
      registry_url: https://components.espressif.com
      type: service
    version: 1.2.4
  espressif/rmaker_common:
    component_hash: 656b0e3c3225b3acd9951689b9bad52896c3ba5009cd2ffe3c20e78500885e41
    dependencies:
    - name: espressif/mqtt
      registry_url: https://components.espressif.com
      require: private
      rules:
      - if: idf_version >=6.0.0
      version: '*'
    - name: idf
      require: private
      version: '>=5.1'
    source:
      registry_url: https://components.espressif.com
      type: service
    version: 1.8.2
  idf:
    source:
      type: idf
    version: 5.5.2
direct_dependencies:
- esp-idf-lib/aht
- esp-idf-lib/bh1750
- esp-idf-lib/bmp280
- espressif/esp_rainmaker
- espressif/led_strip
- idf
manifest_hash: d96515a9c52eeed7c5cd6878d2035b8548f867597edf267eb07e476248610f72
target: esp32s3
version: 2.0.0
